
Microsoft Visual Studio Solution File, Format Version 12.00
# Visual Studio 14
VisualStudioVersion = 14.0.25420.1
MinimumVisualStudioVersion = 10.0.40219.1
Project("{FAE04EC0-301F-11D3-BF4B-00C04F79EFBC}") = "Saharsh.Exercises.DesignPatterns", "DesignPatterns\Saharsh.Exercises.DesignPatterns.csproj", "{56D63E0D-A6A5-40FA-82F1-6B4523F9E916}"
EndProject
Project("{FAE04EC0-301F-11D3-BF4B-00C04F79EFBC}") = "Saharsh.Exercises.DesignPatterns.FactoryMethod", "Saharsh.Exercises.DesignPatterns.FactoryMethod\Saharsh.Exercises.DesignPatterns.FactoryMethod.csproj", "{ECB7B043-459B-4A0A-A048-6AA3686ECAAC}"
EndProject
Global
	GlobalSection(SolutionConfigurationPlatforms) = preSolution
		Debug|Any CPU = Debug|Any CPU
		Release|Any CPU = Release|Any CPU
	EndGlobalSection
	GlobalSection(ProjectConfigurationPlatforms) = postSolution
		{56D63E0D-A6A5-40FA-82F1-6B4523F9E916}.Debug|Any CPU.ActiveCfg = Debug|Any CPU
		{56D63E0D-A6A5-40FA-82F1-6B4523F9E916}.Debug|Any CPU.Build.0 = Debug|Any CPU
		{56D63E0D-A6A5-40FA-82F1-6B4523F9E916}.Release|Any CPU.ActiveCfg = Release|Any CPU
		{56D63E0D-A6A5-40FA-82F1-6B4523F9E916}.Release|Any CPU.Build.0 = Release|Any CPU
		{ECB7B043-459B-4A0A-A048-6AA3686ECAAC}.Debug|Any CPU.ActiveCfg = Debug|Any CPU
		{ECB7B043-459B-4A0A-A048-6AA3686ECAAC}.Debug|Any CPU.Build.0 = Debug|Any CPU
		{ECB7B043-459B-4A0A-A048-6AA3686ECAAC}.Release|Any CPU.ActiveCfg = Release|Any CPU
		{ECB7B043-459B-4A0A-A048-6AA3686ECAAC}.Release|Any CPU.Build.0 = Release|Any CPU
	EndGlobalSection
	GlobalSection(SolutionProperties) = preSolution
		HideSolutionNode = FALSE
	EndGlobalSection
EndGlobal
